// !$*UTF8*$!
{
	archiveVersion = 1;
	classes = {
	};
	objectVersion = 50;
	objects = {

/* Begin PBXBuildFile section */
		F237F46725E94298007BBC5D /* StatusBarController.swift in Sources */ = {isa = PBXBuildFile; fileRef = F237F46625E94298007BBC5D /* StatusBarController.swift */; };
		F2BA715E25E55E0F008555AF /* DevpetApp.swift in Sources */ = {isa = PBXBuildFile; fileRef = F2BA715D25E55E0F008555AF /* DevpetApp.swift */; };
		F2BA716025E55E0F008555AF /* ContentView.swift in Sources */ = {isa = PBXBuildFile; fileRef = F2BA715F25E55E0F008555AF /* ContentView.swift */; };
		F2BA716225E55E11008555AF /* Assets.xcassets in Resources */ = {isa = PBXBuildFile; fileRef = F2BA716125E55E11008555AF /* Assets.xcassets */; };
		F2BA716525E55E11008555AF /* Preview Assets.xcassets in Resources */ = {isa = PBXBuildFile; fileRef = F2BA716425E55E11008555AF /* Preview Assets.xcassets */; };
/* End PBXBuildFile section */

/* Begin PBXFileReference section */
		F237F46625E94298007BBC5D /* StatusBarController.swift */ = {isa = PBXFileReference; lastKnownFileType = sourcecode.swift; path = StatusBarController.swift; sourceTree = "<group>"; };
		F2BA715A25E55E0F008555AF /* Devpet.app */ = {isa = PBXFileReference; explicitFileType = wrapper.application; includeInIndex = 0; path = Devpet.app; sourceTree = BUILT_PRODUCTS_DIR; };
		F2BA715D25E55E0F008555AF /* DevpetApp.swift */ = {isa = PBXFileReference; lastKnownFileType = sourcecode.swift; path = DevpetApp.swift; sourceTree = "<group>"; };
		F2BA715F25E55E0F008555AF /* ContentView.swift */ = {isa = PBXFileReference; lastKnownFileType = sourcecode.swift; path = ContentView.swift; sourceTree = "<group>"; };
		F2BA716125E55E11008555AF /* Assets.xcassets */ = {isa = PBXFileReference; lastKnownFileType = folder.assetcatalog; path = Assets.xcassets; sourceTree = "<group>"; };
		F2BA716425E55E11008555AF /* Preview Assets.xcassets */ = {isa = PBXFileReference; lastKnownFileType = folder.assetcatalog; path = "Preview Assets.xcassets"; sourceTree = "<group>"; };
		F2BA716625E55E11008555AF /* Info.plist */ = {isa = PBXFileReference; lastKnownFileType = text.plist.xml; path = Info.plist; sourceTree = "<group>"; };
		F2BA716725E55E11008555AF /* Devpet.entitlements */ = {isa = PBXFileReference; lastKnownFileType = text.plist.entitlements; path = Devpet.entitlements; sourceTree = "<group>"; };
/* End PBXFileReference section */

/* Begin PBXFrameworksBuildPhase section */
		F2BA715725E55E0F008555AF /* Frameworks */ = {
			isa = PBXFrameworksBuildPhase;
			buildActionMask = 2147483647;
			files = (
			);
			runOnlyForDeploymentPostprocessing = 0;
		};
/* End PBXFrameworksBuildPhase section */

/* Begin PBXGroup section */
		F237F46025E941AA007BBC5D /* Views */ = {
			isa = PBXGroup;
			children = (
				F2BA715F25E55E0F008555AF /* ContentView.swift */,
			);
			path = Views;
			sourceTree = "<group>";
		};
		F237F46125E941BF007BBC5D /* Model */ = {
			isa = PBXGroup;
			children = (
			);
			path = Model;
			sourceTree = "<group>";
		};
		F237F46225E941CC007BBC5D /* Resource */ = {
			isa = PBXGroup;
			children = (
				F2BA716625E55E11008555AF /* Info.plist */,
				F2BA716125E55E11008555AF /* Assets.xcassets */,
			);
			path = Resource;
			sourceTree = "<group>";
		};
		F237F46525E94279007BBC5D /* Manager */ = {
			isa = PBXGroup;
			children = (
				F237F46625E94298007BBC5D /* StatusBarController.swift */,
			);
			path = Manager;
			sourceTree = "<group>";
		};
		F2BA715125E55E0F008555AF = {
			isa = PBXGroup;
			children = (
				F2BA715C25E55E0F008555AF /* Devpet */,
				F2BA715B25E55E0F008555AF /* Products */,
			);
			sourceTree = "<group>";
		};
		F2BA715B25E55E0F008555AF /* Products */ = {
			isa = PBXGroup;
			children = (
				F2BA715A25E55E0F008555AF /* Devpet.app */,
			);
			name = Products;
			sourceTree = "<group>";
		};
		F2BA715C25E55E0F008555AF /* Devpet */ = {
			isa = PBXGroup;
			children = (
				F2BA715D25E55E0F008555AF /* DevpetApp.swift */,
				F237F46525E94279007BBC5D /* Manager */,
				F237F46025E941AA007BBC5D /* Views */,
				F237F46125E941BF007BBC5D /* Model */,
				F237F46225E941CC007BBC5D /* Resource */,
				F2BA716725E55E11008555AF /* Devpet.entitlements */,
				F2BA716325E55E11008555AF /* Preview Content */,
			);
			path = Devpet;
			sourceTree = "<group>";
		};
		F2BA716325E55E11008555AF /* Preview Content */ = {
			isa = PBXGroup;
			children = (
				F2BA716425E55E11008555AF /* Preview Assets.xcassets */,
			);
			path = "Preview Content";
			sourceTree = "<group>";
		};
/* End PBXGroup section */

/* Begin PBXNativeTarget section */
		F2BA715925E55E0F008555AF /* Devpet */ = {
			isa = PBXNativeTarget;
			buildConfigurationList = F2BA716A25E55E11008555AF /* Build configuration list for PBXNativeTarget "Devpet" */;
			buildPhases = (
				F2BA715625E55E0F008555AF /* Sources */,
				F2BA715725E55E0F008555AF /* Frameworks */,
				F2BA715825E55E0F008555AF /* Resources */,
			);
			buildRules = (
			);
			dependencies = (
			);
			name = Devpet;
			productName = Devpet;
			productReference = F2BA715A25E55E0F008555AF /* Devpet.app */;
			productType = "com.apple.product-type.application";
		};
/* End PBXNativeTarget section */

/* Begin PBXProject section */
		F2BA715225E55E0F008555AF /* Project object */ = {
			isa = PBXProject;
			attributes = {
				LastSwiftUpdateCheck = 1240;
				LastUpgradeCheck = 1240;
				TargetAttributes = {
					F2BA715925E55E0F008555AF = {
						CreatedOnToolsVersion = 12.4;
					};
				};
			};
			buildConfigurationList = F2BA715525E55E0F008555AF /* Build configuration list for PBXProject "Devpet" */;
			compatibilityVersion = "Xcode 9.3";
			developmentRegion = en;
			hasScannedForEncodings = 0;
			knownRegions = (
				en,
				Base,
			);
			mainGroup = F2BA715125E55E0F008555AF;
			productRefGroup = F2BA715B25E55E0F008555AF /* Products */;
			projectDirPath = "";
			projectRoot = "";
			targets = (
				F2BA715925E55E0F008555AF /* Devpet */,
			);
		};
/* End PBXProject section */

/* Begin PBXResourcesBuildPhase section */
		F2BA715825E55E0F008555AF /* Resources */ = {
			isa = PBXResourcesBuildPhase;
			buildActionMask = 2147483647;
			files = (
				F2BA716525E55E11008555AF /* Preview Assets.xcassets in Resources */,
				F2BA716225E55E11008555AF /* Assets.xcassets in Resources */,
			);
			runOnlyForDeploymentPostprocessing = 0;
		};
/* End PBXResourcesBuildPhase section */

/* Begin PBXSourcesBuildPhase section */
		F2BA715625E55E0F008555AF /* Sources */ = {
			isa = PBXSourcesBuildPhase;
			buildActionMask = 2147483647;
			files = (
				F2BA716025E55E0F008555AF /* ContentView.swift in Sources */,
				F237F46725E94298007BBC5D /* StatusBarController.swift in Sources */,
				F2BA715E25E55E0F008555AF /* DevpetApp.swift in Sources */,
			);
			runOnlyForDeploymentPostprocessing = 0;
		};
/* End PBXSourcesBuildPhase section */

/* Begin XCBuildConfiguration section */
		F2BA716825E55E11008555AF /* Debug */ = {
			isa = XCBuildConfiguration;
			buildSettings = {
				ALWAYS_SEARCH_USER_PATHS = NO;
				CLANG_ANALYZER_NONNULL = YES;
				CLANG_ANALYZER_NUMBER_OBJECT_CONVERSION = YES_AGGRESSIVE;
				CLANG_CXX_LANGUAGE_STANDARD = "gnu++14";
				CLANG_CXX_LIBRARY = "libc++";
				CLANG_ENABLE_MODULES = YES;
				CLANG_ENABLE_OBJC_ARC = YES;
				CLANG_ENABLE_OBJC_WEAK = YES;
				CLANG_WARN_BLOCK_CAPTURE_AUTORELEASING = YES;
				CLANG_WARN_BOOL_CONVERSION = YES;
				CLANG_WARN_COMMA = YES;
				CLANG_WARN_CONSTANT_CONVERSION = YES;
				CLANG_WARN_DEPRECATED_OBJC_IMPLEMENTATIONS = YES;
				CLANG_WARN_DIRECT_OBJC_ISA_USAGE = YES_ERROR;
				CLANG_WARN_DOCUMENTATION_COMMENTS = YES;
				CLANG_WARN_EMPTY_BODY = YES;
				CLANG_WARN_ENUM_CONVERSION = YES;
				CLANG_WARN_INFINITE_RECURSION = YES;
				CLANG_WARN_INT_CONVERSION = YES;
				CLANG_WARN_NON_LITERAL_NULL_CONVERSION = YES;
				CLANG_WARN_OBJC_IMPLICIT_RETAIN_SELF = YES;
				CLANG_WARN_OBJC_LITERAL_CONVERSION = YES;
				CLANG_WARN_OBJC_ROOT_CLASS = YES_ERROR;
				CLANG_WARN_QUOTED_INCLUDE_IN_FRAMEWORK_HEADER = YES;
				CLANG_WARN_RANGE_LOOP_ANALYSIS = YES;
				CLANG_WARN_STRICT_PROTOTYPES = YES;
				CLANG_WARN_SUSPICIOUS_MOVE = YES;
				CLANG_WARN_UNGUARDED_AVAILABILITY = YES_AGGRESSIVE;
				CLANG_WARN_UNREACHABLE_CODE = YES;
				CLANG_WARN__DUPLICATE_METHOD_MATCH = YES;
				COPY_PHASE_STRIP = NO;
				DEBUG_INFORMATION_FORMAT = dwarf;
				ENABLE_STRICT_OBJC_MSGSEND = YES;
				ENABLE_TESTABILITY = YES;
				GCC_C_LANGUAGE_STANDARD = gnu11;
				GCC_DYNAMIC_NO_PIC = NO;
				GCC_NO_COMMON_BLOCKS = YES;
				GCC_OPTIMIZATION_LEVEL = 0;
				GCC_PREPROCESSOR_DEFINITIONS = (
					"DEBUG=1",
					"$(inherited)",
				);
				GCC_WARN_64_TO_32_BIT_CONVERSION = YES;
				GCC_WARN_ABOUT_RETURN_TYPE = YES_ERROR;
				GCC_WARN_UNDECLARED_SELECTOR = YES;
				GCC_WARN_UNINITIALIZED_AUTOS = YES_AGGRESSIVE;
				GCC_WARN_UNUSED_FUNCTION = YES;
				GCC_WARN_UNUSED_VARIABLE = YES;
				MACOSX_DEPLOYMENT_TARGET = 11.1;
				MTL_ENABLE_DEBUG_INFO = INCLUDE_SOURCE;
				MTL_FAST_MATH = YES;
				ONLY_ACTIVE_ARCH = YES;
				SDKROOT = macosx;
				SWIFT_ACTIVE_COMPILATION_CONDITIONS = DEBUG;
				SWIFT_OPTIMIZATION_LEVEL = "-Onone";
			};
			name = Debug;
		};
		F2BA716925E55E11008555AF /* Release */ = {
			isa = XCBuildConfiguration;
			buildSettings = {
				ALWAYS_SEARCH_USER_PATHS = NO;
				CLANG_ANALYZER_NONNULL = YES;
				CLANG_ANALYZER_NUMBER_OBJECT_CONVERSION = YES_AGGRESSIVE;
				CLANG_CXX_LANGUAGE_STANDARD = "gnu++14";
				CLANG_CXX_LIBRARY = "libc++";
				CLANG_ENABLE_MODULES = YES;
				CLANG_ENABLE_OBJC_ARC = YES;
				CLANG_ENABLE_OBJC_WEAK = YES;
				CLANG_WARN_BLOCK_CAPTURE_AUTORELEASING = YES;
				CLANG_WARN_BOOL_CONVERSION = YES;
				CLANG_WARN_COMMA = YES;
				CLANG_WARN_CONSTANT_CONVERSION = YES;
				CLANG_WARN_DEPRECATED_OBJC_IMPLEMENTATIONS = YES;
				CLANG_WARN_DIRECT_OBJC_ISA_USAGE = YES_ERROR;
				CLANG_WARN_DOCUMENTATION_COMMENTS = YES;
				CLANG_WARN_EMPTY_BODY = YES;
				CLANG_WARN_ENUM_CONVERSION = YES;
				CLANG_WARN_INFINITE_RECURSION = YES;
				CLANG_WARN_INT_CONVERSION = YES;
				CLANG_WARN_NON_LITERAL_NULL_CONVERSION = YES;
				CLANG_WARN_OBJC_IMPLICIT_RETAIN_SELF = YES;
				CLANG_WARN_OBJC_LITERAL_CONVERSION = YES;
				CLANG_WARN_OBJC_ROOT_CLASS = YES_ERROR;
				CLANG_WARN_QUOTED_INCLUDE_IN_FRAMEWORK_HEADER = YES;
				CLANG_WARN_RANGE_LOOP_ANALYSIS = YES;
				CLANG_WARN_STRICT_PROTOTYPES = YES;
				CLANG_WARN_SUSPICIOUS_MOVE = YES;
				CLANG_WARN_UNGUARDED_AVAILABILITY = YES_AGGRESSIVE;
				CLANG_WARN_UNREACHABLE_CODE = YES;
				CLANG_WARN__DUPLICATE_METHOD_MATCH = YES;
				COPY_PHASE_STRIP = NO;
				DEBUG_INFORMATION_FORMAT = "dwarf-with-dsym";
				ENABLE_NS_ASSERTIONS = NO;
				ENABLE_STRICT_OBJC_MSGSEND = YES;
				GCC_C_LANGUAGE_STANDARD = gnu11;
				GCC_NO_COMMON_BLOCKS = YES;
				GCC_WARN_64_TO_32_BIT_CONVERSION = YES;
				GCC_WARN_ABOUT_RETURN_TYPE = YES_ERROR;
				GCC_WARN_UNDECLARED_SELECTOR = YES;
				GCC_WARN_UNINITIALIZED_AUTOS = YES_AGGRESSIVE;
				GCC_WARN_UNUSED_FUNCTION = YES;
				GCC_WARN_UNUSED_VARIABLE = YES;
				MACOSX_DEPLOYMENT_TARGET = 11.1;
				MTL_ENABLE_DEBUG_INFO = NO;
				MTL_FAST_MATH = YES;
				SDKROOT = macosx;
				SWIFT_COMPILATION_MODE = wholemodule;
				SWIFT_OPTIMIZATION_LEVEL = "-O";
			};
			name = Release;
		};
		F2BA716B25E55E11008555AF /* Debug */ = {
			isa = XCBuildConfiguration;
			buildSettings = {
				ASSETCATALOG_COMPILER_APPICON_NAME = AppIcon;
				ASSETCATALOG_COMPILER_GLOBAL_ACCENT_COLOR_NAME = AccentColor;
				CODE_SIGN_ENTITLEMENTS = Devpet/Devpet.entitlements;
				CODE_SIGN_STYLE = Automatic;
				COMBINE_HIDPI_IMAGES = YES;
				DEVELOPMENT_ASSET_PATHS = "\"Devpet/Preview Content\"";
				DEVELOPMENT_TEAM = 75FNRKTJ9S;
				ENABLE_HARDENED_RUNTIME = YES;
				ENABLE_PREVIEWS = YES;
				INFOPLIST_FILE = Devpet/Resource/Info.plist;
				LD_RUNPATH_SEARCH_PATHS = (
					"$(inherited)",
					"@executable_path/../Frameworks",
				);
				MACOSX_DEPLOYMENT_TARGET = 11.0;
				PRODUCT_BUNDLE_IDENTIFIER = com.medium.devminseok.Devpet;
				PRODUCT_NAME = "$(TARGET_NAME)";
				SWIFT_VERSION = 5.0;
			};
			name = Debug;
		};
		F2BA716C25E55E11008555AF /* Release */ = {
			isa = XCBuildConfiguration;
			buildSettings = {
				ASSETCATALOG_COMPILER_APPICON_NAME = AppIcon;
				ASSETCATALOG_COMPILER_GLOBAL_ACCENT_COLOR_NAME = AccentColor;
				CODE_SIGN_ENTITLEMENTS = Devpet/Devpet.entitlements;
				CODE_SIGN_STYLE = Automatic;
				COMBINE_HIDPI_IMAGES = YES;
				DEVELOPMENT_ASSET_PATHS = "\"Devpet/Preview Content\"";
				DEVELOPMENT_TEAM = 75FNRKTJ9S;
				ENABLE_HARDENED_RUNTIME = YES;
				ENABLE_PREVIEWS = YES;
				INFOPLIST_FILE = Devpet/Resource/Info.plist;
				LD_RUNPATH_SEARCH_PATHS = (
					"$(inherited)",
					"@executable_path/../Frameworks",
				);
				MACOSX_DEPLOYMENT_TARGET = 11.0;
				PRODUCT_BUNDLE_IDENTIFIER = com.medium.devminseok.Devpet;
				PRODUCT_NAME = "$(TARGET_NAME)";
				SWIFT_VERSION = 5.0;
			};
			name = Release;
		};
/* End XCBuildConfiguration section */

/* Begin XCConfigurationList section */
		F2BA715525E55E0F008555AF /* Build configuration list for PBXProject "Devpet" */ = {
			isa = XCConfigurationList;
			buildConfigurations = (
				F2BA716825E55E11008555AF /* Debug */,
				F2BA716925E55E11008555AF /* Release */,
			);
			defaultConfigurationIsVisible = 0;
			defaultConfigurationName = Release;
		};
		F2BA716A25E55E11008555AF /* Build configuration list for PBXNativeTarget "Devpet" */ = {
			isa = XCConfigurationList;
			buildConfigurations = (
				F2BA716B25E55E11008555AF /* Debug */,
				F2BA716C25E55E11008555AF /* Release */,
			);
			defaultConfigurationIsVisible = 0;
			defaultConfigurationName = Release;
		};
/* End XCConfigurationList section */
	};
	rootObject = F2BA715225E55E0F008555AF /* Project object */;
}
