// !$*UTF8*$!
{
	archiveVersion = 1;
	classes = {
	};
	objectVersion = 50;
	objects = {

/* Begin PBXBuildFile section */
		F237F4A025EB6445007BBC5D /* DevpetApp.swift in Sources */ = {isa = PBXBuildFile; fileRef = F237F49F25EB6445007BBC5D /* DevpetApp.swift */; };
		F237F4A225EB6445007BBC5D /* ContentView.swift in Sources */ = {isa = PBXBuildFile; fileRef = F237F4A125EB6445007BBC5D /* ContentView.swift */; };
		F237F4A425EB6447007BBC5D /* Assets.xcassets in Resources */ = {isa = PBXBuildFile; fileRef = F237F4A325EB6447007BBC5D /* Assets.xcassets */; };
		F237F4A725EB6447007BBC5D /* Preview Assets.xcassets in Resources */ = {isa = PBXBuildFile; fileRef = F237F4A625EB6447007BBC5D /* Preview Assets.xcassets */; };
		F237F4A925EB6447007BBC5D /* Persistence.swift in Sources */ = {isa = PBXBuildFile; fileRef = F237F4A825EB6447007BBC5D /* Persistence.swift */; };
		F237F4AC25EB6447007BBC5D /* Devpet.xcdatamodeld in Sources */ = {isa = PBXBuildFile; fileRef = F237F4AA25EB6447007BBC5D /* Devpet.xcdatamodeld */; };
/* End PBXBuildFile section */

/* Begin PBXFileReference section */
		F237F49C25EB6445007BBC5D /* Devpet.app */ = {isa = PBXFileReference; explicitFileType = wrapper.application; includeInIndex = 0; path = Devpet.app; sourceTree = BUILT_PRODUCTS_DIR; };
		F237F49F25EB6445007BBC5D /* DevpetApp.swift */ = {isa = PBXFileReference; lastKnownFileType = sourcecode.swift; path = DevpetApp.swift; sourceTree = "<group>"; };
		F237F4A125EB6445007BBC5D /* ContentView.swift */ = {isa = PBXFileReference; lastKnownFileType = sourcecode.swift; path = ContentView.swift; sourceTree = "<group>"; };
		F237F4A325EB6447007BBC5D /* Assets.xcassets */ = {isa = PBXFileReference; lastKnownFileType = folder.assetcatalog; path = Assets.xcassets; sourceTree = "<group>"; };
		F237F4A625EB6447007BBC5D /* Preview Assets.xcassets */ = {isa = PBXFileReference; lastKnownFileType = folder.assetcatalog; path = "Preview Assets.xcassets"; sourceTree = "<group>"; };
		F237F4A825EB6447007BBC5D /* Persistence.swift */ = {isa = PBXFileReference; lastKnownFileType = sourcecode.swift; path = Persistence.swift; sourceTree = "<group>"; };
		F237F4AB25EB6447007BBC5D /* Devpet.xcdatamodel */ = {isa = PBXFileReference; lastKnownFileType = wrapper.xcdatamodel; path = Devpet.xcdatamodel; sourceTree = "<group>"; };
		F237F4AD25EB6447007BBC5D /* Info.plist */ = {isa = PBXFileReference; lastKnownFileType = text.plist.xml; path = Info.plist; sourceTree = "<group>"; };
		F237F4AE25EB6447007BBC5D /* Devpet.entitlements */ = {isa = PBXFileReference; lastKnownFileType = text.plist.entitlements; path = Devpet.entitlements; sourceTree = "<group>"; };
/* End PBXFileReference section */

/* Begin PBXFrameworksBuildPhase section */
		F237F49925EB6445007BBC5D /* Frameworks */ = {
			isa = PBXFrameworksBuildPhase;
			buildActionMask = 2147483647;
			files = (
			);
			runOnlyForDeploymentPostprocessing = 0;
		};
/* End PBXFrameworksBuildPhase section */

/* Begin PBXGroup section */
		F237F49325EB6445007BBC5D = {
			isa = PBXGroup;
			children = (
				F237F49E25EB6445007BBC5D /* Devpet */,
				F237F49D25EB6445007BBC5D /* Products */,
			);
			sourceTree = "<group>";
		};
		F237F49D25EB6445007BBC5D /* Products */ = {
			isa = PBXGroup;
			children = (
				F237F49C25EB6445007BBC5D /* Devpet.app */,
			);
			name = Products;
			sourceTree = "<group>";
		};
		F237F49E25EB6445007BBC5D /* Devpet */ = {
			isa = PBXGroup;
			children = (
				F237F49F25EB6445007BBC5D /* DevpetApp.swift */,
				F237F4B725EB65CF007BBC5D /* Manager */,
				F237F4B925EB65EE007BBC5D /* Model */,
				F237F4B825EB65E9007BBC5D /* Views */,
				F237F4BA25EB65F3007BBC5D /* Resource */,
				F237F4A825EB6447007BBC5D /* Persistence.swift */,
				F237F4AE25EB6447007BBC5D /* Devpet.entitlements */,
				F237F4A525EB6447007BBC5D /* Preview Content */,
			);
			path = Devpet;
			sourceTree = "<group>";
		};
		F237F4A525EB6447007BBC5D /* Preview Content */ = {
			isa = PBXGroup;
			children = (
				F237F4A625EB6447007BBC5D /* Preview Assets.xcassets */,
			);
			path = "Preview Content";
			sourceTree = "<group>";
		};
		F237F4B725EB65CF007BBC5D /* Manager */ = {
			isa = PBXGroup;
			children = (
			);
			path = Manager;
			sourceTree = "<group>";
		};
		F237F4B825EB65E9007BBC5D /* Views */ = {
			isa = PBXGroup;
			children = (
				F237F4A125EB6445007BBC5D /* ContentView.swift */,
			);
			path = Views;
			sourceTree = "<group>";
		};
		F237F4B925EB65EE007BBC5D /* Model */ = {
			isa = PBXGroup;
			children = (
				F237F4AA25EB6447007BBC5D /* Devpet.xcdatamodeld */,
			);
			path = Model;
			sourceTree = "<group>";
		};
		F237F4BA25EB65F3007BBC5D /* Resource */ = {
			isa = PBXGroup;
			children = (
				F237F4A325EB6447007BBC5D /* Assets.xcassets */,
				F237F4AD25EB6447007BBC5D /* Info.plist */,
			);
			path = Resource;
			sourceTree = "<group>";
		};
/* End PBXGroup section */

/* Begin PBXNativeTarget section */
		F237F49B25EB6445007BBC5D /* Devpet */ = {
			isa = PBXNativeTarget;
			buildConfigurationList = F237F4B125EB6447007BBC5D /* Build configuration list for PBXNativeTarget "Devpet" */;
			buildPhases = (
				F237F49825EB6445007BBC5D /* Sources */,
				F237F49925EB6445007BBC5D /* Frameworks */,
				F237F49A25EB6445007BBC5D /* Resources */,
			);
			buildRules = (
			);
			dependencies = (
			);
			name = Devpet;
			productName = Devpet;
			productReference = F237F49C25EB6445007BBC5D /* Devpet.app */;
			productType = "com.apple.product-type.application";
		};
/* End PBXNativeTarget section */

/* Begin PBXProject section */
		F237F49425EB6445007BBC5D /* Project object */ = {
			isa = PBXProject;
			attributes = {
				LastSwiftUpdateCheck = 1240;
				LastUpgradeCheck = 1240;
				TargetAttributes = {
					F237F49B25EB6445007BBC5D = {
						CreatedOnToolsVersion = 12.4;
					};
				};
			};
			buildConfigurationList = F237F49725EB6445007BBC5D /* Build configuration list for PBXProject "Devpet" */;
			compatibilityVersion = "Xcode 9.3";
			developmentRegion = en;
			hasScannedForEncodings = 0;
			knownRegions = (
				en,
				Base,
			);
			mainGroup = F237F49325EB6445007BBC5D;
			productRefGroup = F237F49D25EB6445007BBC5D /* Products */;
			projectDirPath = "";
			projectRoot = "";
			targets = (
				F237F49B25EB6445007BBC5D /* Devpet */,
			);
		};
/* End PBXProject section */

/* Begin PBXResourcesBuildPhase section */
		F237F49A25EB6445007BBC5D /* Resources */ = {
			isa = PBXResourcesBuildPhase;
			buildActionMask = 2147483647;
			files = (
				F237F4A725EB6447007BBC5D /* Preview Assets.xcassets in Resources */,
				F237F4A425EB6447007BBC5D /* Assets.xcassets in Resources */,
			);
			runOnlyForDeploymentPostprocessing = 0;
		};
/* End PBXResourcesBuildPhase section */

/* Begin PBXSourcesBuildPhase section */
		F237F49825EB6445007BBC5D /* Sources */ = {
			isa = PBXSourcesBuildPhase;
			buildActionMask = 2147483647;
			files = (
				F237F4A925EB6447007BBC5D /* Persistence.swift in Sources */,
				F237F4A225EB6445007BBC5D /* ContentView.swift in Sources */,
				F237F4A025EB6445007BBC5D /* DevpetApp.swift in Sources */,
				F237F4AC25EB6447007BBC5D /* Devpet.xcdatamodeld in Sources */,
			);
			runOnlyForDeploymentPostprocessing = 0;
		};
/* End PBXSourcesBuildPhase section */

/* Begin XCBuildConfiguration section */
		F237F4AF25EB6447007BBC5D /* Debug */ = {
			isa = XCBuildConfiguration;
			buildSettings = {
				ALWAYS_SEARCH_USER_PATHS = NO;
				CLANG_ANALYZER_NONNULL = YES;
				CLANG_ANALYZER_NUMBER_OBJECT_CONVERSION = YES_AGGRESSIVE;
				CLANG_CXX_LANGUAGE_STANDARD = "gnu++14";
				CLANG_CXX_LIBRARY = "libc++";
				CLANG_ENABLE_MODULES = YES;
				CLANG_ENABLE_OBJC_ARC = YES;
				CLANG_ENABLE_OBJC_WEAK = YES;
				CLANG_WARN_BLOCK_CAPTURE_AUTORELEASING = YES;
				CLANG_WARN_BOOL_CONVERSION = YES;
				CLANG_WARN_COMMA = YES;
				CLANG_WARN_CONSTANT_CONVERSION = YES;
				CLANG_WARN_DEPRECATED_OBJC_IMPLEMENTATIONS = YES;
				CLANG_WARN_DIRECT_OBJC_ISA_USAGE = YES_ERROR;
				CLANG_WARN_DOCUMENTATION_COMMENTS = YES;
				CLANG_WARN_EMPTY_BODY = YES;
				CLANG_WARN_ENUM_CONVERSION = YES;
				CLANG_WARN_INFINITE_RECURSION = YES;
				CLANG_WARN_INT_CONVERSION = YES;
				CLANG_WARN_NON_LITERAL_NULL_CONVERSION = YES;
				CLANG_WARN_OBJC_IMPLICIT_RETAIN_SELF = YES;
				CLANG_WARN_OBJC_LITERAL_CONVERSION = YES;
				CLANG_WARN_OBJC_ROOT_CLASS = YES_ERROR;
				CLANG_WARN_QUOTED_INCLUDE_IN_FRAMEWORK_HEADER = YES;
				CLANG_WARN_RANGE_LOOP_ANALYSIS = YES;
				CLANG_WARN_STRICT_PROTOTYPES = YES;
				CLANG_WARN_SUSPICIOUS_MOVE = YES;
				CLANG_WARN_UNGUARDED_AVAILABILITY = YES_AGGRESSIVE;
				CLANG_WARN_UNREACHABLE_CODE = YES;
				CLANG_WARN__DUPLICATE_METHOD_MATCH = YES;
				COPY_PHASE_STRIP = NO;
				DEBUG_INFORMATION_FORMAT = dwarf;
				ENABLE_STRICT_OBJC_MSGSEND = YES;
				ENABLE_TESTABILITY = YES;
				GCC_C_LANGUAGE_STANDARD = gnu11;
				GCC_DYNAMIC_NO_PIC = NO;
				GCC_NO_COMMON_BLOCKS = YES;
				GCC_OPTIMIZATION_LEVEL = 0;
				GCC_PREPROCESSOR_DEFINITIONS = (
					"DEBUG=1",
					"$(inherited)",
				);
				GCC_WARN_64_TO_32_BIT_CONVERSION = YES;
				GCC_WARN_ABOUT_RETURN_TYPE = YES_ERROR;
				GCC_WARN_UNDECLARED_SELECTOR = YES;
				GCC_WARN_UNINITIALIZED_AUTOS = YES_AGGRESSIVE;
				GCC_WARN_UNUSED_FUNCTION = YES;
				GCC_WARN_UNUSED_VARIABLE = YES;
				MACOSX_DEPLOYMENT_TARGET = 11.1;
				MTL_ENABLE_DEBUG_INFO = INCLUDE_SOURCE;
				MTL_FAST_MATH = YES;
				ONLY_ACTIVE_ARCH = YES;
				SDKROOT = macosx;
				SWIFT_ACTIVE_COMPILATION_CONDITIONS = DEBUG;
				SWIFT_OPTIMIZATION_LEVEL = "-Onone";
			};
			name = Debug;
		};
		F237F4B025EB6447007BBC5D /* Release */ = {
			isa = XCBuildConfiguration;
			buildSettings = {
				ALWAYS_SEARCH_USER_PATHS = NO;
				CLANG_ANALYZER_NONNULL = YES;
				CLANG_ANALYZER_NUMBER_OBJECT_CONVERSION = YES_AGGRESSIVE;
				CLANG_CXX_LANGUAGE_STANDARD = "gnu++14";
				CLANG_CXX_LIBRARY = "libc++";
				CLANG_ENABLE_MODULES = YES;
				CLANG_ENABLE_OBJC_ARC = YES;
				CLANG_ENABLE_OBJC_WEAK = YES;
				CLANG_WARN_BLOCK_CAPTURE_AUTORELEASING = YES;
				CLANG_WARN_BOOL_CONVERSION = YES;
				CLANG_WARN_COMMA = YES;
				CLANG_WARN_CONSTANT_CONVERSION = YES;
				CLANG_WARN_DEPRECATED_OBJC_IMPLEMENTATIONS = YES;
				CLANG_WARN_DIRECT_OBJC_ISA_USAGE = YES_ERROR;
				CLANG_WARN_DOCUMENTATION_COMMENTS = YES;
				CLANG_WARN_EMPTY_BODY = YES;
				CLANG_WARN_ENUM_CONVERSION = YES;
				CLANG_WARN_INFINITE_RECURSION = YES;
				CLANG_WARN_INT_CONVERSION = YES;
				CLANG_WARN_NON_LITERAL_NULL_CONVERSION = YES;
				CLANG_WARN_OBJC_IMPLICIT_RETAIN_SELF = YES;
				CLANG_WARN_OBJC_LITERAL_CONVERSION = YES;
				CLANG_WARN_OBJC_ROOT_CLASS = YES_ERROR;
				CLANG_WARN_QUOTED_INCLUDE_IN_FRAMEWORK_HEADER = YES;
				CLANG_WARN_RANGE_LOOP_ANALYSIS = YES;
				CLANG_WARN_STRICT_PROTOTYPES = YES;
				CLANG_WARN_SUSPICIOUS_MOVE = YES;
				CLANG_WARN_UNGUARDED_AVAILABILITY = YES_AGGRESSIVE;
				CLANG_WARN_UNREACHABLE_CODE = YES;
				CLANG_WARN__DUPLICATE_METHOD_MATCH = YES;
				COPY_PHASE_STRIP = NO;
				DEBUG_INFORMATION_FORMAT = "dwarf-with-dsym";
				ENABLE_NS_ASSERTIONS = NO;
				ENABLE_STRICT_OBJC_MSGSEND = YES;
				GCC_C_LANGUAGE_STANDARD = gnu11;
				GCC_NO_COMMON_BLOCKS = YES;
				GCC_WARN_64_TO_32_BIT_CONVERSION = YES;
				GCC_WARN_ABOUT_RETURN_TYPE = YES_ERROR;
				GCC_WARN_UNDECLARED_SELECTOR = YES;
				GCC_WARN_UNINITIALIZED_AUTOS = YES_AGGRESSIVE;
				GCC_WARN_UNUSED_FUNCTION = YES;
				GCC_WARN_UNUSED_VARIABLE = YES;
				MACOSX_DEPLOYMENT_TARGET = 11.1;
				MTL_ENABLE_DEBUG_INFO = NO;
				MTL_FAST_MATH = YES;
				SDKROOT = macosx;
				SWIFT_COMPILATION_MODE = wholemodule;
				SWIFT_OPTIMIZATION_LEVEL = "-O";
			};
			name = Release;
		};
		F237F4B225EB6447007BBC5D /* Debug */ = {
			isa = XCBuildConfiguration;
			buildSettings = {
				ASSETCATALOG_COMPILER_APPICON_NAME = AppIcon;
				ASSETCATALOG_COMPILER_GLOBAL_ACCENT_COLOR_NAME = AccentColor;
				CODE_SIGN_ENTITLEMENTS = Devpet/Devpet.entitlements;
				CODE_SIGN_STYLE = Automatic;
				COMBINE_HIDPI_IMAGES = YES;
				DEVELOPMENT_ASSET_PATHS = "\"Devpet/Preview Content\"";
				DEVELOPMENT_TEAM = 75FNRKTJ9S;
				ENABLE_HARDENED_RUNTIME = YES;
				ENABLE_PREVIEWS = YES;
				INFOPLIST_FILE = Devpet/Resource/Info.plist;
				LD_RUNPATH_SEARCH_PATHS = (
					"$(inherited)",
					"@executable_path/../Frameworks",
				);
				MACOSX_DEPLOYMENT_TARGET = 11.0;
				PRODUCT_BUNDLE_IDENTIFIER = com.medium.devminseok.Devpet;
				PRODUCT_NAME = "$(TARGET_NAME)";
				SWIFT_VERSION = 5.0;
			};
			name = Debug;
		};
		F237F4B325EB6447007BBC5D /* Release */ = {
			isa = XCBuildConfiguration;
			buildSettings = {
				ASSETCATALOG_COMPILER_APPICON_NAME = AppIcon;
				ASSETCATALOG_COMPILER_GLOBAL_ACCENT_COLOR_NAME = AccentColor;
				CODE_SIGN_ENTITLEMENTS = Devpet/Devpet.entitlements;
				CODE_SIGN_STYLE = Automatic;
				COMBINE_HIDPI_IMAGES = YES;
				DEVELOPMENT_ASSET_PATHS = "\"Devpet/Preview Content\"";
				DEVELOPMENT_TEAM = 75FNRKTJ9S;
				ENABLE_HARDENED_RUNTIME = YES;
				ENABLE_PREVIEWS = YES;
				INFOPLIST_FILE = Devpet/Resource/Info.plist;
				LD_RUNPATH_SEARCH_PATHS = (
					"$(inherited)",
					"@executable_path/../Frameworks",
				);
				MACOSX_DEPLOYMENT_TARGET = 11.0;
				PRODUCT_BUNDLE_IDENTIFIER = com.medium.devminseok.Devpet;
				PRODUCT_NAME = "$(TARGET_NAME)";
				SWIFT_VERSION = 5.0;
			};
			name = Release;
		};
/* End XCBuildConfiguration section */

/* Begin XCConfigurationList section */
		F237F49725EB6445007BBC5D /* Build configuration list for PBXProject "Devpet" */ = {
			isa = XCConfigurationList;
			buildConfigurations = (
				F237F4AF25EB6447007BBC5D /* Debug */,
				F237F4B025EB6447007BBC5D /* Release */,
			);
			defaultConfigurationIsVisible = 0;
			defaultConfigurationName = Release;
		};
		F237F4B125EB6447007BBC5D /* Build configuration list for PBXNativeTarget "Devpet" */ = {
			isa = XCConfigurationList;
			buildConfigurations = (
				F237F4B225EB6447007BBC5D /* Debug */,
				F237F4B325EB6447007BBC5D /* Release */,
			);
			defaultConfigurationIsVisible = 0;
			defaultConfigurationName = Release;
		};
/* End XCConfigurationList section */

/* Begin XCVersionGroup section */
		F237F4AA25EB6447007BBC5D /* Devpet.xcdatamodeld */ = {
			isa = XCVersionGroup;
			children = (
				F237F4AB25EB6447007BBC5D /* Devpet.xcdatamodel */,
			);
			currentVersion = F237F4AB25EB6447007BBC5D /* Devpet.xcdatamodel */;
			path = Devpet.xcdatamodeld;
			sourceTree = "<group>";
			versionGroupType = wrapper.xcdatamodel;
		};
/* End XCVersionGroup section */
	};
	rootObject = F237F49425EB6445007BBC5D /* Project object */;
}
