// !$*UTF8*$!
{
	archiveVersion = 1;
	classes = {
	};
	objectVersion = 51;
	objects = {

/* Begin PBXBuildFile section */
		42DF982518B2F725A94EEEC3 /* Pods_Devpet.framework in Frameworks */ = {isa = PBXBuildFile; fileRef = 207F1726A9DAF275A08DC5FD /* Pods_Devpet.framework */; };
		F23D717325400C0E0093AFB1 /* AppDelegate.swift in Sources */ = {isa = PBXBuildFile; fileRef = F23D717225400C0E0093AFB1 /* AppDelegate.swift */; };
		F23D717725400C0E0093AFB1 /* Assets.xcassets in Resources */ = {isa = PBXBuildFile; fileRef = F23D717625400C0E0093AFB1 /* Assets.xcassets */; };
		F23D717A25400C0E0093AFB1 /* Main.storyboard in Resources */ = {isa = PBXBuildFile; fileRef = F23D717825400C0E0093AFB1 /* Main.storyboard */; };
		F23D7188254012E10093AFB1 /* SnippetsViewController.swift in Sources */ = {isa = PBXBuildFile; fileRef = F23D7187254012E10093AFB1 /* SnippetsViewController.swift */; };
/* End PBXBuildFile section */

/* Begin PBXFileReference section */
		207F1726A9DAF275A08DC5FD /* Pods_Devpet.framework */ = {isa = PBXFileReference; explicitFileType = wrapper.framework; includeInIndex = 0; path = Pods_Devpet.framework; sourceTree = BUILT_PRODUCTS_DIR; };
		24F7138A411321C054693244 /* Pods-Devpet.debug.xcconfig */ = {isa = PBXFileReference; includeInIndex = 1; lastKnownFileType = text.xcconfig; name = "Pods-Devpet.debug.xcconfig"; path = "Target Support Files/Pods-Devpet/Pods-Devpet.debug.xcconfig"; sourceTree = "<group>"; };
		7ECB7062E9A593641382DDB7 /* Pods-Devpet.release.xcconfig */ = {isa = PBXFileReference; includeInIndex = 1; lastKnownFileType = text.xcconfig; name = "Pods-Devpet.release.xcconfig"; path = "Target Support Files/Pods-Devpet/Pods-Devpet.release.xcconfig"; sourceTree = "<group>"; };
		F23D716F25400C0E0093AFB1 /* Devpet.app */ = {isa = PBXFileReference; explicitFileType = wrapper.application; includeInIndex = 0; path = Devpet.app; sourceTree = BUILT_PRODUCTS_DIR; };
		F23D717225400C0E0093AFB1 /* AppDelegate.swift */ = {isa = PBXFileReference; lastKnownFileType = sourcecode.swift; path = AppDelegate.swift; sourceTree = "<group>"; };
		F23D717625400C0E0093AFB1 /* Assets.xcassets */ = {isa = PBXFileReference; lastKnownFileType = folder.assetcatalog; path = Assets.xcassets; sourceTree = "<group>"; };
		F23D717925400C0E0093AFB1 /* Base */ = {isa = PBXFileReference; lastKnownFileType = file.storyboard; name = Base; path = Base.lproj/Main.storyboard; sourceTree = "<group>"; };
		F23D717B25400C0E0093AFB1 /* Info.plist */ = {isa = PBXFileReference; lastKnownFileType = text.plist.xml; path = Info.plist; sourceTree = "<group>"; };
		F23D717C25400C0E0093AFB1 /* Devpet.entitlements */ = {isa = PBXFileReference; lastKnownFileType = text.plist.entitlements; path = Devpet.entitlements; sourceTree = "<group>"; };
		F23D7187254012E10093AFB1 /* SnippetsViewController.swift */ = {isa = PBXFileReference; lastKnownFileType = sourcecode.swift; path = SnippetsViewController.swift; sourceTree = "<group>"; };
/* End PBXFileReference section */

/* Begin PBXFrameworksBuildPhase section */
		F23D716C25400C0E0093AFB1 /* Frameworks */ = {
			isa = PBXFrameworksBuildPhase;
			buildActionMask = 2147483647;
			files = (
				42DF982518B2F725A94EEEC3 /* Pods_Devpet.framework in Frameworks */,
			);
			runOnlyForDeploymentPostprocessing = 0;
		};
/* End PBXFrameworksBuildPhase section */

/* Begin PBXGroup section */
		881D4CDF4DE34381891DC7BC /* Frameworks */ = {
			isa = PBXGroup;
			children = (
				207F1726A9DAF275A08DC5FD /* Pods_Devpet.framework */,
			);
			name = Frameworks;
			sourceTree = "<group>";
		};
		A7A9F259DBF70251D5706A4A /* Pods */ = {
			isa = PBXGroup;
			children = (
				24F7138A411321C054693244 /* Pods-Devpet.debug.xcconfig */,
				7ECB7062E9A593641382DDB7 /* Pods-Devpet.release.xcconfig */,
			);
			path = Pods;
			sourceTree = "<group>";
		};
		F23D716625400C0E0093AFB1 = {
			isa = PBXGroup;
			children = (
				F23D717125400C0E0093AFB1 /* Devpet */,
				F23D717025400C0E0093AFB1 /* Products */,
				A7A9F259DBF70251D5706A4A /* Pods */,
				881D4CDF4DE34381891DC7BC /* Frameworks */,
			);
			sourceTree = "<group>";
		};
		F23D717025400C0E0093AFB1 /* Products */ = {
			isa = PBXGroup;
			children = (
				F23D716F25400C0E0093AFB1 /* Devpet.app */,
			);
			name = Products;
			sourceTree = "<group>";
		};
		F23D717125400C0E0093AFB1 /* Devpet */ = {
			isa = PBXGroup;
			children = (
				F23D717225400C0E0093AFB1 /* AppDelegate.swift */,
				F23D717625400C0E0093AFB1 /* Assets.xcassets */,
				F23D7187254012E10093AFB1 /* SnippetsViewController.swift */,
				F23D717825400C0E0093AFB1 /* Main.storyboard */,
				F23D717B25400C0E0093AFB1 /* Info.plist */,
				F23D717C25400C0E0093AFB1 /* Devpet.entitlements */,
			);
			path = Devpet;
			sourceTree = "<group>";
		};
/* End PBXGroup section */

/* Begin PBXNativeTarget section */
		F23D716E25400C0E0093AFB1 /* Devpet */ = {
			isa = PBXNativeTarget;
			buildConfigurationList = F23D717F25400C0E0093AFB1 /* Build configuration list for PBXNativeTarget "Devpet" */;
			buildPhases = (
				C3403C02E61ED2061E06B27B /* [CP] Check Pods Manifest.lock */,
				F23D716B25400C0E0093AFB1 /* Sources */,
				F23D716C25400C0E0093AFB1 /* Frameworks */,
				F23D716D25400C0E0093AFB1 /* Resources */,
				CDC4E1BA78D691804E4C9FAF /* [CP] Embed Pods Frameworks */,
			);
			buildRules = (
			);
			dependencies = (
			);
			name = Devpet;
			productName = Devpet;
			productReference = F23D716F25400C0E0093AFB1 /* Devpet.app */;
			productType = "com.apple.product-type.application";
		};
/* End PBXNativeTarget section */

/* Begin PBXProject section */
		F23D716725400C0E0093AFB1 /* Project object */ = {
			isa = PBXProject;
			attributes = {
				LastSwiftUpdateCheck = 1200;
				LastUpgradeCheck = 1200;
				TargetAttributes = {
					F23D716E25400C0E0093AFB1 = {
						CreatedOnToolsVersion = 12.0;
					};
				};
			};
			buildConfigurationList = F23D716A25400C0E0093AFB1 /* Build configuration list for PBXProject "Devpet" */;
			compatibilityVersion = "Xcode 9.3";
			developmentRegion = en;
			hasScannedForEncodings = 0;
			knownRegions = (
				en,
				Base,
			);
			mainGroup = F23D716625400C0E0093AFB1;
			productRefGroup = F23D717025400C0E0093AFB1 /* Products */;
			projectDirPath = "";
			projectRoot = "";
			targets = (
				F23D716E25400C0E0093AFB1 /* Devpet */,
			);
		};
/* End PBXProject section */

/* Begin PBXResourcesBuildPhase section */
		F23D716D25400C0E0093AFB1 /* Resources */ = {
			isa = PBXResourcesBuildPhase;
			buildActionMask = 2147483647;
			files = (
				F23D717725400C0E0093AFB1 /* Assets.xcassets in Resources */,
				F23D717A25400C0E0093AFB1 /* Main.storyboard in Resources */,
			);
			runOnlyForDeploymentPostprocessing = 0;
		};
/* End PBXResourcesBuildPhase section */

/* Begin PBXShellScriptBuildPhase section */
		C3403C02E61ED2061E06B27B /* [CP] Check Pods Manifest.lock */ = {
			isa = PBXShellScriptBuildPhase;
			buildActionMask = 2147483647;
			files = (
			);
			inputFileListPaths = (
			);
			inputPaths = (
				"${PODS_PODFILE_DIR_PATH}/Podfile.lock",
				"${PODS_ROOT}/Manifest.lock",
			);
			name = "[CP] Check Pods Manifest.lock";
			outputFileListPaths = (
			);
			outputPaths = (
				"$(DERIVED_FILE_DIR)/Pods-Devpet-checkManifestLockResult.txt",
			);
			runOnlyForDeploymentPostprocessing = 0;
			shellPath = /bin/sh;
			shellScript = "diff \"${PODS_PODFILE_DIR_PATH}/Podfile.lock\" \"${PODS_ROOT}/Manifest.lock\" > /dev/null\nif [ $? != 0 ] ; then\n    # print error to STDERR\n    echo \"error: The sandbox is not in sync with the Podfile.lock. Run 'pod install' or update your CocoaPods installation.\" >&2\n    exit 1\nfi\n# This output is used by Xcode 'outputs' to avoid re-running this script phase.\necho \"SUCCESS\" > \"${SCRIPT_OUTPUT_FILE_0}\"\n";
			showEnvVarsInLog = 0;
		};
		CDC4E1BA78D691804E4C9FAF /* [CP] Embed Pods Frameworks */ = {
			isa = PBXShellScriptBuildPhase;
			buildActionMask = 2147483647;
			files = (
			);
			inputFileListPaths = (
				"${PODS_ROOT}/Target Support Files/Pods-Devpet/Pods-Devpet-frameworks-${CONFIGURATION}-input-files.xcfilelist",
			);
			name = "[CP] Embed Pods Frameworks";
			outputFileListPaths = (
				"${PODS_ROOT}/Target Support Files/Pods-Devpet/Pods-Devpet-frameworks-${CONFIGURATION}-output-files.xcfilelist",
			);
			runOnlyForDeploymentPostprocessing = 0;
			shellPath = /bin/sh;
			shellScript = "\"${PODS_ROOT}/Target Support Files/Pods-Devpet/Pods-Devpet-frameworks.sh\"\n";
			showEnvVarsInLog = 0;
		};
/* End PBXShellScriptBuildPhase section */

/* Begin PBXSourcesBuildPhase section */
		F23D716B25400C0E0093AFB1 /* Sources */ = {
			isa = PBXSourcesBuildPhase;
			buildActionMask = 2147483647;
			files = (
				F23D7188254012E10093AFB1 /* SnippetsViewController.swift in Sources */,
				F23D717325400C0E0093AFB1 /* AppDelegate.swift in Sources */,
			);
			runOnlyForDeploymentPostprocessing = 0;
		};
/* End PBXSourcesBuildPhase section */

/* Begin PBXVariantGroup section */
		F23D717825400C0E0093AFB1 /* Main.storyboard */ = {
			isa = PBXVariantGroup;
			children = (
				F23D717925400C0E0093AFB1 /* Base */,
			);
			name = Main.storyboard;
			sourceTree = "<group>";
		};
/* End PBXVariantGroup section */

/* Begin XCBuildConfiguration section */
		F23D717D25400C0E0093AFB1 /* Debug */ = {
			isa = XCBuildConfiguration;
			buildSettings = {
				ALWAYS_SEARCH_USER_PATHS = NO;
				CLANG_ANALYZER_NONNULL = YES;
				CLANG_ANALYZER_NUMBER_OBJECT_CONVERSION = YES_AGGRESSIVE;
				CLANG_CXX_LANGUAGE_STANDARD = "gnu++14";
				CLANG_CXX_LIBRARY = "libc++";
				CLANG_ENABLE_MODULES = YES;
				CLANG_ENABLE_OBJC_ARC = YES;
				CLANG_ENABLE_OBJC_WEAK = YES;
				CLANG_WARN_BLOCK_CAPTURE_AUTORELEASING = YES;
				CLANG_WARN_BOOL_CONVERSION = YES;
				CLANG_WARN_COMMA = YES;
				CLANG_WARN_CONSTANT_CONVERSION = YES;
				CLANG_WARN_DEPRECATED_OBJC_IMPLEMENTATIONS = YES;
				CLANG_WARN_DIRECT_OBJC_ISA_USAGE = YES_ERROR;
				CLANG_WARN_DOCUMENTATION_COMMENTS = YES;
				CLANG_WARN_EMPTY_BODY = YES;
				CLANG_WARN_ENUM_CONVERSION = YES;
				CLANG_WARN_INFINITE_RECURSION = YES;
				CLANG_WARN_INT_CONVERSION = YES;
				CLANG_WARN_NON_LITERAL_NULL_CONVERSION = YES;
				CLANG_WARN_OBJC_IMPLICIT_RETAIN_SELF = YES;
				CLANG_WARN_OBJC_LITERAL_CONVERSION = YES;
				CLANG_WARN_OBJC_ROOT_CLASS = YES_ERROR;
				CLANG_WARN_QUOTED_INCLUDE_IN_FRAMEWORK_HEADER = YES;
				CLANG_WARN_RANGE_LOOP_ANALYSIS = YES;
				CLANG_WARN_STRICT_PROTOTYPES = YES;
				CLANG_WARN_SUSPICIOUS_MOVE = YES;
				CLANG_WARN_UNGUARDED_AVAILABILITY = YES_AGGRESSIVE;
				CLANG_WARN_UNREACHABLE_CODE = YES;
				CLANG_WARN__DUPLICATE_METHOD_MATCH = YES;
				COPY_PHASE_STRIP = NO;
				DEBUG_INFORMATION_FORMAT = dwarf;
				ENABLE_STRICT_OBJC_MSGSEND = YES;
				ENABLE_TESTABILITY = YES;
				GCC_C_LANGUAGE_STANDARD = gnu11;
				GCC_DYNAMIC_NO_PIC = NO;
				GCC_NO_COMMON_BLOCKS = YES;
				GCC_OPTIMIZATION_LEVEL = 0;
				GCC_PREPROCESSOR_DEFINITIONS = (
					"DEBUG=1",
					"$(inherited)",
				);
				GCC_WARN_64_TO_32_BIT_CONVERSION = YES;
				GCC_WARN_ABOUT_RETURN_TYPE = YES_ERROR;
				GCC_WARN_UNDECLARED_SELECTOR = YES;
				GCC_WARN_UNINITIALIZED_AUTOS = YES_AGGRESSIVE;
				GCC_WARN_UNUSED_FUNCTION = YES;
				GCC_WARN_UNUSED_VARIABLE = YES;
				MACOSX_DEPLOYMENT_TARGET = 10.15;
				MTL_ENABLE_DEBUG_INFO = INCLUDE_SOURCE;
				MTL_FAST_MATH = YES;
				ONLY_ACTIVE_ARCH = YES;
				SDKROOT = macosx;
				SWIFT_ACTIVE_COMPILATION_CONDITIONS = DEBUG;
				SWIFT_OPTIMIZATION_LEVEL = "-Onone";
			};
			name = Debug;
		};
		F23D717E25400C0E0093AFB1 /* Release */ = {
			isa = XCBuildConfiguration;
			buildSettings = {
				ALWAYS_SEARCH_USER_PATHS = NO;
				CLANG_ANALYZER_NONNULL = YES;
				CLANG_ANALYZER_NUMBER_OBJECT_CONVERSION = YES_AGGRESSIVE;
				CLANG_CXX_LANGUAGE_STANDARD = "gnu++14";
				CLANG_CXX_LIBRARY = "libc++";
				CLANG_ENABLE_MODULES = YES;
				CLANG_ENABLE_OBJC_ARC = YES;
				CLANG_ENABLE_OBJC_WEAK = YES;
				CLANG_WARN_BLOCK_CAPTURE_AUTORELEASING = YES;
				CLANG_WARN_BOOL_CONVERSION = YES;
				CLANG_WARN_COMMA = YES;
				CLANG_WARN_CONSTANT_CONVERSION = YES;
				CLANG_WARN_DEPRECATED_OBJC_IMPLEMENTATIONS = YES;
				CLANG_WARN_DIRECT_OBJC_ISA_USAGE = YES_ERROR;
				CLANG_WARN_DOCUMENTATION_COMMENTS = YES;
				CLANG_WARN_EMPTY_BODY = YES;
				CLANG_WARN_ENUM_CONVERSION = YES;
				CLANG_WARN_INFINITE_RECURSION = YES;
				CLANG_WARN_INT_CONVERSION = YES;
				CLANG_WARN_NON_LITERAL_NULL_CONVERSION = YES;
				CLANG_WARN_OBJC_IMPLICIT_RETAIN_SELF = YES;
				CLANG_WARN_OBJC_LITERAL_CONVERSION = YES;
				CLANG_WARN_OBJC_ROOT_CLASS = YES_ERROR;
				CLANG_WARN_QUOTED_INCLUDE_IN_FRAMEWORK_HEADER = YES;
				CLANG_WARN_RANGE_LOOP_ANALYSIS = YES;
				CLANG_WARN_STRICT_PROTOTYPES = YES;
				CLANG_WARN_SUSPICIOUS_MOVE = YES;
				CLANG_WARN_UNGUARDED_AVAILABILITY = YES_AGGRESSIVE;
				CLANG_WARN_UNREACHABLE_CODE = YES;
				CLANG_WARN__DUPLICATE_METHOD_MATCH = YES;
				COPY_PHASE_STRIP = NO;
				DEBUG_INFORMATION_FORMAT = "dwarf-with-dsym";
				ENABLE_NS_ASSERTIONS = NO;
				ENABLE_STRICT_OBJC_MSGSEND = YES;
				GCC_C_LANGUAGE_STANDARD = gnu11;
				GCC_NO_COMMON_BLOCKS = YES;
				GCC_WARN_64_TO_32_BIT_CONVERSION = YES;
				GCC_WARN_ABOUT_RETURN_TYPE = YES_ERROR;
				GCC_WARN_UNDECLARED_SELECTOR = YES;
				GCC_WARN_UNINITIALIZED_AUTOS = YES_AGGRESSIVE;
				GCC_WARN_UNUSED_FUNCTION = YES;
				GCC_WARN_UNUSED_VARIABLE = YES;
				MACOSX_DEPLOYMENT_TARGET = 10.15;
				MTL_ENABLE_DEBUG_INFO = NO;
				MTL_FAST_MATH = YES;
				SDKROOT = macosx;
				SWIFT_COMPILATION_MODE = wholemodule;
				SWIFT_OPTIMIZATION_LEVEL = "-O";
			};
			name = Release;
		};
		F23D718025400C0E0093AFB1 /* Debug */ = {
			isa = XCBuildConfiguration;
			baseConfigurationReference = 24F7138A411321C054693244 /* Pods-Devpet.debug.xcconfig */;
			buildSettings = {
				ASSETCATALOG_COMPILER_APPICON_NAME = AppIcon;
				ASSETCATALOG_COMPILER_GLOBAL_ACCENT_COLOR_NAME = AccentColor;
				CODE_SIGN_ENTITLEMENTS = Devpet/Devpet.entitlements;
				CODE_SIGN_STYLE = Automatic;
				COMBINE_HIDPI_IMAGES = YES;
				DEVELOPMENT_TEAM = 75FNRKTJ9S;
				ENABLE_HARDENED_RUNTIME = YES;
				INFOPLIST_FILE = Devpet/Info.plist;
				LD_RUNPATH_SEARCH_PATHS = (
					"$(inherited)",
					"@executable_path/../Frameworks",
				);
				PRODUCT_BUNDLE_IDENTIFIER = "com.tistory.axe-num1.Devpet";
				PRODUCT_NAME = "$(TARGET_NAME)";
				SWIFT_VERSION = 5.0;
			};
			name = Debug;
		};
		F23D718125400C0E0093AFB1 /* Release */ = {
			isa = XCBuildConfiguration;
			baseConfigurationReference = 7ECB7062E9A593641382DDB7 /* Pods-Devpet.release.xcconfig */;
			buildSettings = {
				ASSETCATALOG_COMPILER_APPICON_NAME = AppIcon;
				ASSETCATALOG_COMPILER_GLOBAL_ACCENT_COLOR_NAME = AccentColor;
				CODE_SIGN_ENTITLEMENTS = Devpet/Devpet.entitlements;
				CODE_SIGN_STYLE = Automatic;
				COMBINE_HIDPI_IMAGES = YES;
				DEVELOPMENT_TEAM = 75FNRKTJ9S;
				ENABLE_HARDENED_RUNTIME = YES;
				INFOPLIST_FILE = Devpet/Info.plist;
				LD_RUNPATH_SEARCH_PATHS = (
					"$(inherited)",
					"@executable_path/../Frameworks",
				);
				PRODUCT_BUNDLE_IDENTIFIER = "com.tistory.axe-num1.Devpet";
				PRODUCT_NAME = "$(TARGET_NAME)";
				SWIFT_VERSION = 5.0;
			};
			name = Release;
		};
/* End XCBuildConfiguration section */

/* Begin XCConfigurationList section */
		F23D716A25400C0E0093AFB1 /* Build configuration list for PBXProject "Devpet" */ = {
			isa = XCConfigurationList;
			buildConfigurations = (
				F23D717D25400C0E0093AFB1 /* Debug */,
				F23D717E25400C0E0093AFB1 /* Release */,
			);
			defaultConfigurationIsVisible = 0;
			defaultConfigurationName = Release;
		};
		F23D717F25400C0E0093AFB1 /* Build configuration list for PBXNativeTarget "Devpet" */ = {
			isa = XCConfigurationList;
			buildConfigurations = (
				F23D718025400C0E0093AFB1 /* Debug */,
				F23D718125400C0E0093AFB1 /* Release */,
			);
			defaultConfigurationIsVisible = 0;
			defaultConfigurationName = Release;
		};
/* End XCConfigurationList section */
	};
	rootObject = F23D716725400C0E0093AFB1 /* Project object */;
}
